// !$*UTF8*$!
{
	archiveVersion = 1;
	classes = {
	};
	objectVersion = 56;
	objects = {

/* Begin PBXBuildFile section */
		FCA897F229FFB19B00B859A3 /* AppDelegate.m in Sources */ = {isa = PBXBuildFile; fileRef = FCA897F129FFB19B00B859A3 /* AppDelegate.m */; };
		FCA897F529FFB19B00B859A3 /* SceneDelegate.m in Sources */ = {isa = PBXBuildFile; fileRef = FCA897F429FFB19B00B859A3 /* SceneDelegate.m */; };
		FCA897F829FFB19B00B859A3 /* ViewController.m in Sources */ = {isa = PBXBuildFile; fileRef = FCA897F729FFB19B00B859A3 /* ViewController.m */; };
		FCA897FB29FFB19B00B859A3 /* Main.storyboard in Resources */ = {isa = PBXBuildFile; fileRef = FCA897F929FFB19B00B859A3 /* Main.storyboard */; };
		FCA897FD29FFB19B00B859A3 /* Assets.xcassets in Resources */ = {isa = PBXBuildFile; fileRef = FCA897FC29FFB19B00B859A3 /* Assets.xcassets */; };
		FCA8980029FFB19B00B859A3 /* LaunchScreen.storyboard in Resources */ = {isa = PBXBuildFile; fileRef = FCA897FE29FFB19B00B859A3 /* LaunchScreen.storyboard */; };
		FCA8980329FFB19B00B859A3 /* main.m in Sources */ = {isa = PBXBuildFile; fileRef = FCA8980229FFB19B00B859A3 /* main.m */; };
/* End PBXBuildFile section */

/* Begin PBXFileReference section */
		FCA897ED29FFB19B00B859A3 /* SDL2.app */ = {isa = PBXFileReference; explicitFileType = wrapper.application; includeInIndex = 0; path = SDL2.app; sourceTree = BUILT_PRODUCTS_DIR; };
		FCA897F029FFB19B00B859A3 /* AppDelegate.h */ = {isa = PBXFileReference; lastKnownFileType = sourcecode.c.h; path = AppDelegate.h; sourceTree = "<group>"; };
		FCA897F129FFB19B00B859A3 /* AppDelegate.m */ = {isa = PBXFileReference; lastKnownFileType = sourcecode.c.objc; path = AppDelegate.m; sourceTree = "<group>"; };
		FCA897F329FFB19B00B859A3 /* SceneDelegate.h */ = {isa = PBXFileReference; lastKnownFileType = sourcecode.c.h; path = SceneDelegate.h; sourceTree = "<group>"; };
		FCA897F429FFB19B00B859A3 /* SceneDelegate.m */ = {isa = PBXFileReference; lastKnownFileType = sourcecode.c.objc; path = SceneDelegate.m; sourceTree = "<group>"; };
		FCA897F629FFB19B00B859A3 /* ViewController.h */ = {isa = PBXFileReference; lastKnownFileType = sourcecode.c.h; path = ViewController.h; sourceTree = "<group>"; };
		FCA897F729FFB19B00B859A3 /* ViewController.m */ = {isa = PBXFileReference; lastKnownFileType = sourcecode.c.objc; path = ViewController.m; sourceTree = "<group>"; };
		FCA897FA29FFB19B00B859A3 /* Base */ = {isa = PBXFileReference; lastKnownFileType = file.storyboard; name = Base; path = Base.lproj/Main.storyboard; sourceTree = "<group>"; };
		FCA897FC29FFB19B00B859A3 /* Assets.xcassets */ = {isa = PBXFileReference; lastKnownFileType = folder.assetcatalog; path = Assets.xcassets; sourceTree = "<group>"; };
		FCA897FF29FFB19B00B859A3 /* Base */ = {isa = PBXFileReference; lastKnownFileType = file.storyboard; name = Base; path = Base.lproj/LaunchScreen.storyboard; sourceTree = "<group>"; };
		FCA8980129FFB19B00B859A3 /* Info.plist */ = {isa = PBXFileReference; lastKnownFileType = text.plist.xml; path = Info.plist; sourceTree = "<group>"; };
		FCA8980229FFB19B00B859A3 /* main.m */ = {isa = PBXFileReference; lastKnownFileType = sourcecode.c.objc; path = main.m; sourceTree = "<group>"; };
/* End PBXFileReference section */

/* Begin PBXFrameworksBuildPhase section */
		FCA897EA29FFB19B00B859A3 /* Frameworks */ = {
			isa = PBXFrameworksBuildPhase;
			buildActionMask = 2147483647;
			files = (
			);
			runOnlyForDeploymentPostprocessing = 0;
		};
/* End PBXFrameworksBuildPhase section */

/* Begin PBXGroup section */
		FCA897E429FFB19B00B859A3 = {
			isa = PBXGroup;
			children = (
				FCA897EF29FFB19B00B859A3 /* SDL2 */,
				FCA897EE29FFB19B00B859A3 /* Products */,
			);
			sourceTree = "<group>";
		};
		FCA897EE29FFB19B00B859A3 /* Products */ = {
			isa = PBXGroup;
			children = (
				FCA897ED29FFB19B00B859A3 /* SDL2.app */,
			);
			name = Products;
			sourceTree = "<group>";
		};
		FCA897EF29FFB19B00B859A3 /* SDL2 */ = {
			isa = PBXGroup;
			children = (
				FCA897F029FFB19B00B859A3 /* AppDelegate.h */,
				FCA897F129FFB19B00B859A3 /* AppDelegate.m */,
				FCA897F329FFB19B00B859A3 /* SceneDelegate.h */,
				FCA897F429FFB19B00B859A3 /* SceneDelegate.m */,
				FCA897F629FFB19B00B859A3 /* ViewController.h */,
				FCA897F729FFB19B00B859A3 /* ViewController.m */,
				FCA897F929FFB19B00B859A3 /* Main.storyboard */,
				FCA897FC29FFB19B00B859A3 /* Assets.xcassets */,
				FCA897FE29FFB19B00B859A3 /* LaunchScreen.storyboard */,
				FCA8980129FFB19B00B859A3 /* Info.plist */,
				FCA8980229FFB19B00B859A3 /* main.m */,
			);
			path = SDL2;
			sourceTree = "<group>";
		};
/* End PBXGroup section */

/* Begin PBXNativeTarget section */
		FCA897EC29FFB19B00B859A3 /* SDL2 */ = {
			isa = PBXNativeTarget;
			buildConfigurationList = FCA8980629FFB19B00B859A3 /* Build configuration list for PBXNativeTarget "SDL2" */;
			buildPhases = (
				FCA897E929FFB19B00B859A3 /* Sources */,
				FCA897EA29FFB19B00B859A3 /* Frameworks */,
				FCA897EB29FFB19B00B859A3 /* Resources */,
			);
			buildRules = (
			);
			dependencies = (
			);
			name = SDL2;
			productName = SDL2;
			productReference = FCA897ED29FFB19B00B859A3 /* SDL2.app */;
			productType = "com.apple.product-type.application";
		};
/* End PBXNativeTarget section */

/* Begin PBXProject section */
		FCA897E529FFB19B00B859A3 /* Project object */ = {
			isa = PBXProject;
			attributes = {
				BuildIndependentTargetsInParallel = 1;
				LastUpgradeCheck = 1430;
				TargetAttributes = {
					FCA897EC29FFB19B00B859A3 = {
						CreatedOnToolsVersion = 14.3;
					};
				};
			};
			buildConfigurationList = FCA897E829FFB19B00B859A3 /* Build configuration list for PBXProject "SDL2" */;
			compatibilityVersion = "Xcode 14.0";
			developmentRegion = en;
			hasScannedForEncodings = 0;
			knownRegions = (
				en,
				Base,
			);
			mainGroup = FCA897E429FFB19B00B859A3;
			productRefGroup = FCA897EE29FFB19B00B859A3 /* Products */;
			projectDirPath = "";
			projectRoot = "";
			targets = (
				FCA897EC29FFB19B00B859A3 /* SDL2 */,
			);
		};
/* End PBXProject section */

/* Begin PBXResourcesBuildPhase section */
		FCA897EB29FFB19B00B859A3 /* Resources */ = {
			isa = PBXResourcesBuildPhase;
			buildActionMask = 2147483647;
			files = (
				FCA8980029FFB19B00B859A3 /* LaunchScreen.storyboard in Resources */,
				FCA897FD29FFB19B00B859A3 /* Assets.xcassets in Resources */,
				FCA897FB29FFB19B00B859A3 /* Main.storyboard in Resources */,
			);
			runOnlyForDeploymentPostprocessing = 0;
		};
/* End PBXResourcesBuildPhase section */

/* Begin PBXSourcesBuildPhase section */
		FCA897E929FFB19B00B859A3 /* Sources */ = {
			isa = PBXSourcesBuildPhase;
			buildActionMask = 2147483647;
			files = (
				FCA897F829FFB19B00B859A3 /* ViewController.m in Sources */,
				FCA897F229FFB19B00B859A3 /* AppDelegate.m in Sources */,
				FCA8980329FFB19B00B859A3 /* main.m in Sources */,
				FCA897F529FFB19B00B859A3 /* SceneDelegate.m in Sources */,
			);
			runOnlyForDeploymentPostprocessing = 0;
		};
/* End PBXSourcesBuildPhase section */

/* Begin PBXVariantGroup section */
		FCA897F929FFB19B00B859A3 /* Main.storyboard */ = {
			isa = PBXVariantGroup;
			children = (
				FCA897FA29FFB19B00B859A3 /* Base */,
			);
			name = Main.storyboard;
			sourceTree = "<group>";
		};
		FCA897FE29FFB19B00B859A3 /* LaunchScreen.storyboard */ = {
			isa = PBXVariantGroup;
			children = (
				FCA897FF29FFB19B00B859A3 /* Base */,
			);
			name = LaunchScreen.storyboard;
			sourceTree = "<group>";
		};
/* End PBXVariantGroup section */

/* Begin XCBuildConfiguration section */
		FCA8980429FFB19B00B859A3 /* Debug */ = {
			isa = XCBuildConfiguration;
			buildSettings = {
				ALWAYS_SEARCH_USER_PATHS = NO;
				CLANG_ANALYZER_NONNULL = YES;
				CLANG_ANALYZER_NUMBER_OBJECT_CONVERSION = YES_AGGRESSIVE;
				CLANG_CXX_LANGUAGE_STANDARD = "gnu++20";
				CLANG_ENABLE_MODULES = YES;
				CLANG_ENABLE_OBJC_ARC = YES;
				CLANG_ENABLE_OBJC_WEAK = YES;
				CLANG_WARN_BLOCK_CAPTURE_AUTORELEASING = YES;
				CLANG_WARN_BOOL_CONVERSION = YES;
				CLANG_WARN_COMMA = YES;
				CLANG_WARN_CONSTANT_CONVERSION = YES;
				CLANG_WARN_DEPRECATED_OBJC_IMPLEMENTATIONS = YES;
				CLANG_WARN_DIRECT_OBJC_ISA_USAGE = YES_ERROR;
				CLANG_WARN_DOCUMENTATION_COMMENTS = YES;
				CLANG_WARN_EMPTY_BODY = YES;
				CLANG_WARN_ENUM_CONVERSION = YES;
				CLANG_WARN_INFINITE_RECURSION = YES;
				CLANG_WARN_INT_CONVERSION = YES;
				CLANG_WARN_NON_LITERAL_NULL_CONVERSION = YES;
				CLANG_WARN_OBJC_IMPLICIT_RETAIN_SELF = YES;
				CLANG_WARN_OBJC_LITERAL_CONVERSION = YES;
				CLANG_WARN_OBJC_ROOT_CLASS = YES_ERROR;
				CLANG_WARN_QUOTED_INCLUDE_IN_FRAMEWORK_HEADER = YES;
				CLANG_WARN_RANGE_LOOP_ANALYSIS = YES;
				CLANG_WARN_STRICT_PROTOTYPES = YES;
				CLANG_WARN_SUSPICIOUS_MOVE = YES;
				CLANG_WARN_UNGUARDED_AVAILABILITY = YES_AGGRESSIVE;
				CLANG_WARN_UNREACHABLE_CODE = YES;
				CLANG_WARN__DUPLICATE_METHOD_MATCH = YES;
				COPY_PHASE_STRIP = NO;
				DEBUG_INFORMATION_FORMAT = dwarf;
				ENABLE_STRICT_OBJC_MSGSEND = YES;
				ENABLE_TESTABILITY = YES;
				GCC_C_LANGUAGE_STANDARD = gnu11;
				GCC_DYNAMIC_NO_PIC = NO;
				GCC_NO_COMMON_BLOCKS = YES;
				GCC_OPTIMIZATION_LEVEL = 0;
				GCC_PREPROCESSOR_DEFINITIONS = (
					"DEBUG=1",
					"$(inherited)",
				);
				GCC_WARN_64_TO_32_BIT_CONVERSION = YES;
				GCC_WARN_ABOUT_RETURN_TYPE = YES_ERROR;
				GCC_WARN_UNDECLARED_SELECTOR = YES;
				GCC_WARN_UNINITIALIZED_AUTOS = YES_AGGRESSIVE;
				GCC_WARN_UNUSED_FUNCTION = YES;
				GCC_WARN_UNUSED_VARIABLE = YES;
				IPHONEOS_DEPLOYMENT_TARGET = 16.4;
				MTL_ENABLE_DEBUG_INFO = INCLUDE_SOURCE;
				MTL_FAST_MATH = YES;
				ONLY_ACTIVE_ARCH = YES;
				SDKROOT = iphoneos;
			};
			name = Debug;
		};
		FCA8980529FFB19B00B859A3 /* Release */ = {
			isa = XCBuildConfiguration;
			buildSettings = {
				ALWAYS_SEARCH_USER_PATHS = NO;
				CLANG_ANALYZER_NONNULL = YES;
				CLANG_ANALYZER_NUMBER_OBJECT_CONVERSION = YES_AGGRESSIVE;
				CLANG_CXX_LANGUAGE_STANDARD = "gnu++20";
				CLANG_ENABLE_MODULES = YES;
				CLANG_ENABLE_OBJC_ARC = YES;
				CLANG_ENABLE_OBJC_WEAK = YES;
				CLANG_WARN_BLOCK_CAPTURE_AUTORELEASING = YES;
				CLANG_WARN_BOOL_CONVERSION = YES;
				CLANG_WARN_COMMA = YES;
				CLANG_WARN_CONSTANT_CONVERSION = YES;
				CLANG_WARN_DEPRECATED_OBJC_IMPLEMENTATIONS = YES;
				CLANG_WARN_DIRECT_OBJC_ISA_USAGE = YES_ERROR;
				CLANG_WARN_DOCUMENTATION_COMMENTS = YES;
				CLANG_WARN_EMPTY_BODY = YES;
				CLANG_WARN_ENUM_CONVERSION = YES;
				CLANG_WARN_INFINITE_RECURSION = YES;
				CLANG_WARN_INT_CONVERSION = YES;
				CLANG_WARN_NON_LITERAL_NULL_CONVERSION = YES;
				CLANG_WARN_OBJC_IMPLICIT_RETAIN_SELF = YES;
				CLANG_WARN_OBJC_LITERAL_CONVERSION = YES;
				CLANG_WARN_OBJC_ROOT_CLASS = YES_ERROR;
				CLANG_WARN_QUOTED_INCLUDE_IN_FRAMEWORK_HEADER = YES;
				CLANG_WARN_RANGE_LOOP_ANALYSIS = YES;
				CLANG_WARN_STRICT_PROTOTYPES = YES;
				CLANG_WARN_SUSPICIOUS_MOVE = YES;
				CLANG_WARN_UNGUARDED_AVAILABILITY = YES_AGGRESSIVE;
				CLANG_WARN_UNREACHABLE_CODE = YES;
				CLANG_WARN__DUPLICATE_METHOD_MATCH = YES;
				COPY_PHASE_STRIP = NO;
				DEBUG_INFORMATION_FORMAT = "dwarf-with-dsym";
				ENABLE_NS_ASSERTIONS = NO;
				ENABLE_STRICT_OBJC_MSGSEND = YES;
				GCC_C_LANGUAGE_STANDARD = gnu11;
				GCC_NO_COMMON_BLOCKS = YES;
				GCC_WARN_64_TO_32_BIT_CONVERSION = YES;
				GCC_WARN_ABOUT_RETURN_TYPE = YES_ERROR;
				GCC_WARN_UNDECLARED_SELECTOR = YES;
				GCC_WARN_UNINITIALIZED_AUTOS = YES_AGGRESSIVE;
				GCC_WARN_UNUSED_FUNCTION = YES;
				GCC_WARN_UNUSED_VARIABLE = YES;
				IPHONEOS_DEPLOYMENT_TARGET = 16.4;
				MTL_ENABLE_DEBUG_INFO = NO;
				MTL_FAST_MATH = YES;
				SDKROOT = iphoneos;
				VALIDATE_PRODUCT = YES;
			};
			name = Release;
		};
		FCA8980729FFB19B00B859A3 /* Debug */ = {
			isa = XCBuildConfiguration;
			buildSettings = {
				ASSETCATALOG_COMPILER_APPICON_NAME = AppIcon;
				ASSETCATALOG_COMPILER_GLOBAL_ACCENT_COLOR_NAME = AccentColor;
				CODE_SIGN_STYLE = Automatic;
				CURRENT_PROJECT_VERSION = 1;
				DEVELOPMENT_TEAM = SH6UAVY32W;
				GENERATE_INFOPLIST_FILE = YES;
				INFOPLIST_FILE = SDL2/Info.plist;
				INFOPLIST_KEY_UIApplicationSupportsIndirectInputEvents = YES;
				INFOPLIST_KEY_UILaunchStoryboardName = LaunchScreen;
				INFOPLIST_KEY_UIMainStoryboardFile = Main;
				INFOPLIST_KEY_UISupportedInterfaceOrientations_iPad = "UIInterfaceOrientationPortrait UIInterfaceOrientationPortraitUpsideDown UIInterfaceOrientationLandscapeLeft UIInterfaceOrientationLandscapeRight";
				INFOPLIST_KEY_UISupportedInterfaceOrientations_iPhone = "UIInterfaceOrientationPortrait UIInterfaceOrientationLandscapeLeft UIInterfaceOrientationLandscapeRight";
				LD_RUNPATH_SEARCH_PATHS = (
					"$(inherited)",
					"@executable_path/Frameworks",
				);
				MARKETING_VERSION = 1.0;
				PRODUCT_BUNDLE_IDENTIFIER = net.jeskin.SDL2;
				PRODUCT_NAME = "$(TARGET_NAME)";
				SWIFT_EMIT_LOC_STRINGS = YES;
				TARGETED_DEVICE_FAMILY = "1,2";
			};
			name = Debug;
		};
		FCA8980829FFB19B00B859A3 /* Release */ = {
			isa = XCBuildConfiguration;
			buildSettings = {
				ASSETCATALOG_COMPILER_APPICON_NAME = AppIcon;
				ASSETCATALOG_COMPILER_GLOBAL_ACCENT_COLOR_NAME = AccentColor;
				CODE_SIGN_STYLE = Automatic;
				CURRENT_PROJECT_VERSION = 1;
				DEVELOPMENT_TEAM = SH6UAVY32W;
				GENERATE_INFOPLIST_FILE = YES;
				INFOPLIST_FILE = SDL2/Info.plist;
				INFOPLIST_KEY_UIApplicationSupportsIndirectInputEvents = YES;
				INFOPLIST_KEY_UILaunchStoryboardName = LaunchScreen;
				INFOPLIST_KEY_UIMainStoryboardFile = Main;
				INFOPLIST_KEY_UISupportedInterfaceOrientations_iPad = "UIInterfaceOrientationPortrait UIInterfaceOrientationPortraitUpsideDown UIInterfaceOrientationLandscapeLeft UIInterfaceOrientationLandscapeRight";
				INFOPLIST_KEY_UISupportedInterfaceOrientations_iPhone = "UIInterfaceOrientationPortrait UIInterfaceOrientationLandscapeLeft UIInterfaceOrientationLandscapeRight";
				LD_RUNPATH_SEARCH_PATHS = (
					"$(inherited)",
					"@executable_path/Frameworks",
				);
				MARKETING_VERSION = 1.0;
				PRODUCT_BUNDLE_IDENTIFIER = net.jeskin.SDL2;
				PRODUCT_NAME = "$(TARGET_NAME)";
				SWIFT_EMIT_LOC_STRINGS = YES;
				TARGETED_DEVICE_FAMILY = "1,2";
			};
			name = Release;
		};
/* End XCBuildConfiguration section */

/* Begin XCConfigurationList section */
		FCA897E829FFB19B00B859A3 /* Build configuration list for PBXProject "SDL2" */ = {
			isa = XCConfigurationList;
			buildConfigurations = (
				FCA8980429FFB19B00B859A3 /* Debug */,
				FCA8980529FFB19B00B859A3 /* Release */,
			);
			defaultConfigurationIsVisible = 0;
			defaultConfigurationName = Release;
		};
		FCA8980629FFB19B00B859A3 /* Build configuration list for PBXNativeTarget "SDL2" */ = {
			isa = XCConfigurationList;
			buildConfigurations = (
				FCA8980729FFB19B00B859A3 /* Debug */,
				FCA8980829FFB19B00B859A3 /* Release */,
			);
			defaultConfigurationIsVisible = 0;
			defaultConfigurationName = Release;
		};
/* End XCConfigurationList section */
	};
	rootObject = FCA897E529FFB19B00B859A3 /* Project object */;
}
